
Microsoft Visual Studio Solution File, Format Version 12.00
# Visual Studio Version 16
VisualStudioVersion = 16.0.30907.101
MinimumVisualStudioVersion = 10.0.40219.1
Project("{FAE04EC0-301F-11D3-BF4B-00C04F79EFBC}") = "JWT", "JWT\JWT.csproj", "{8ED9F3F9-ED6E-4287-A307-5CFE62748C81}"
EndProject
Global
	GlobalSection(SolutionConfigurationPlatforms) = preSolution
		Debug|Any CPU = Debug|Any CPU
		Release|Any CPU = Release|Any CPU
	EndGlobalSection
	GlobalSection(ProjectConfigurationPlatforms) = postSolution
		{8ED9F3F9-ED6E-4287-A307-5CFE62748C81}.Debug|Any CPU.ActiveCfg = Debug|Any CPU
		{8ED9F3F9-ED6E-4287-A307-5CFE62748C81}.Debug|Any CPU.Build.0 = Debug|Any CPU
		{8ED9F3F9-ED6E-4287-A307-5CFE62748C81}.Release|Any CPU.ActiveCfg = Release|Any CPU
		{8ED9F3F9-ED6E-4287-A307-5CFE62748C81}.Release|Any CPU.Build.0 = Release|Any CPU
	EndGlobalSection
	GlobalSection(SolutionProperties) = preSolution
		HideSolutionNode = FALSE
	EndGlobalSection
	GlobalSection(ExtensibilityGlobals) = postSolution
		SolutionGuid = {87288033-7C06-44A2-A4EB-22741BFF087F}
	EndGlobalSection
EndGlobal
